
Microsoft Visual Studio Solution File, Format Version 12.00
# Visual Studio Version 17
VisualStudioVersion = 17.3.32929.385
MinimumVisualStudioVersion = 10.0.40219.1
Project("{9A19103F-16F7-4668-BE54-9A1E7A4F7556}") = "BookStoreMy", "BookStoreMy\BookStoreMy.csproj", "{A2EB3970-A538-4FAA-9863-30E7D5C2F872}"
EndProject
Project("{2150E333-8FDC-42A3-9474-1A3956D46DE8}") = "Solution Items", "Solution Items", "{F1838672-813D-434F-9D8A-33BBF4B1E4BD}"
	ProjectSection(SolutionItems) = preProject
		progress.txt = progress.txt
	EndProjectSection
EndProject
Global
	GlobalSection(SolutionConfigurationPlatforms) = preSolution
		Debug|Any CPU = Debug|Any CPU
		Release|Any CPU = Release|Any CPU
	EndGlobalSection
	GlobalSection(ProjectConfigurationPlatforms) = postSolution
		{A2EB3970-A538-4FAA-9863-30E7D5C2F872}.Debug|Any CPU.ActiveCfg = Debug|Any CPU
		{A2EB3970-A538-4FAA-9863-30E7D5C2F872}.Debug|Any CPU.Build.0 = Debug|Any CPU
		{A2EB3970-A538-4FAA-9863-30E7D5C2F872}.Release|Any CPU.ActiveCfg = Release|Any CPU
		{A2EB3970-A538-4FAA-9863-30E7D5C2F872}.Release|Any CPU.Build.0 = Release|Any CPU
	EndGlobalSection
	GlobalSection(SolutionProperties) = preSolution
		HideSolutionNode = FALSE
	EndGlobalSection
	GlobalSection(ExtensibilityGlobals) = postSolution
		SolutionGuid = {DD7743F4-F316-496E-A828-86D0FF8E009D}
	EndGlobalSection
EndGlobal
